
Microsoft Visual Studio Solution File, Format Version 12.00
# Visual Studio Version 17
VisualStudioVersion = 17.7.34024.191
MinimumVisualStudioVersion = 10.0.40219.1
Project("{FAE04EC0-301F-11D3-BF4B-00C04F79EFBC}") = "Wpf_Database", "Wpf_Database.csproj", "{5514EEE2-9A13-4BEC-96EA-EAA243D23290}"
EndProject
Global
	GlobalSection(SolutionConfigurationPlatforms) = preSolution
		Debug|Any CPU = Debug|Any CPU
		Release|Any CPU = Release|Any CPU
	EndGlobalSection
	GlobalSection(ProjectConfigurationPlatforms) = postSolution
		{5514EEE2-9A13-4BEC-96EA-EAA243D23290}.Debug|Any CPU.ActiveCfg = Debug|Any CPU
		{5514EEE2-9A13-4BEC-96EA-EAA243D23290}.Debug|Any CPU.Build.0 = Debug|Any CPU
		{5514EEE2-9A13-4BEC-96EA-EAA243D23290}.Release|Any CPU.ActiveCfg = Release|Any CPU
		{5514EEE2-9A13-4BEC-96EA-EAA243D23290}.Release|Any CPU.Build.0 = Release|Any CPU
	EndGlobalSection
	GlobalSection(SolutionProperties) = preSolution
		HideSolutionNode = FALSE
	EndGlobalSection
	GlobalSection(ExtensibilityGlobals) = postSolution
		SolutionGuid = {A95DE5E1-C0DB-4EAF-A9D5-DD8516CA1FD1}
	EndGlobalSection
EndGlobal
