
Microsoft Visual Studio Solution File, Format Version 12.00
# Visual Studio Version 17
VisualStudioVersion = 17.7.34024.191
MinimumVisualStudioVersion = 10.0.40219.1
Project("{FAE04EC0-301F-11D3-BF4B-00C04F79EFBC}") = "Model", "..\Model\Model.csproj", "{F1C89A7B-5672-46D3-9E14-F69E305A00F8}"
EndProject
Project("{FAE04EC0-301F-11D3-BF4B-00C04F79EFBC}") = "ViewModel", "..\ViewModel\ViewModel.csproj", "{9AA8EFE4-72E4-47AA-B2F6-221FC93F0F56}"
EndProject
Global
	GlobalSection(SolutionConfigurationPlatforms) = preSolution
		Debug|Any CPU = Debug|Any CPU
		Release|Any CPU = Release|Any CPU
	EndGlobalSection
	GlobalSection(ProjectConfigurationPlatforms) = postSolution
		{F1C89A7B-5672-46D3-9E14-F69E305A00F8}.Debug|Any CPU.ActiveCfg = Debug|Any CPU
		{F1C89A7B-5672-46D3-9E14-F69E305A00F8}.Debug|Any CPU.Build.0 = Debug|Any CPU
		{F1C89A7B-5672-46D3-9E14-F69E305A00F8}.Release|Any CPU.ActiveCfg = Release|Any CPU
		{F1C89A7B-5672-46D3-9E14-F69E305A00F8}.Release|Any CPU.Build.0 = Release|Any CPU
		{9AA8EFE4-72E4-47AA-B2F6-221FC93F0F56}.Debug|Any CPU.ActiveCfg = Debug|Any CPU
		{9AA8EFE4-72E4-47AA-B2F6-221FC93F0F56}.Debug|Any CPU.Build.0 = Debug|Any CPU
		{9AA8EFE4-72E4-47AA-B2F6-221FC93F0F56}.Release|Any CPU.ActiveCfg = Release|Any CPU
		{9AA8EFE4-72E4-47AA-B2F6-221FC93F0F56}.Release|Any CPU.Build.0 = Release|Any CPU
	EndGlobalSection
	GlobalSection(SolutionProperties) = preSolution
		HideSolutionNode = FALSE
	EndGlobalSection
	GlobalSection(ExtensibilityGlobals) = postSolution
		SolutionGuid = {D3B7CFB5-1375-4EDB-84F0-DCF3B35CC3CB}
	EndGlobalSection
EndGlobal
